
Microsoft Visual Studio Solution File, Format Version 12.00
# Visual Studio 15
VisualStudioVersion = 15.0.28307.168
MinimumVisualStudioVersion = 10.0.40219.1
Project("{F2A71F9B-5D33-465A-A702-920D77279786}") = "ITTraleeDemo", "ITTraleeDemo\ITTraleeDemo.fsproj", "{AB34878B-7B41-495E-B0A7-372628F16D5C}"
EndProject
Global
	GlobalSection(SolutionConfigurationPlatforms) = preSolution
		Debug|Any CPU = Debug|Any CPU
		Release|Any CPU = Release|Any CPU
	EndGlobalSection
	GlobalSection(ProjectConfigurationPlatforms) = postSolution
		{AB34878B-7B41-495E-B0A7-372628F16D5C}.Debug|Any CPU.ActiveCfg = Debug|Any CPU
		{AB34878B-7B41-495E-B0A7-372628F16D5C}.Debug|Any CPU.Build.0 = Debug|Any CPU
		{AB34878B-7B41-495E-B0A7-372628F16D5C}.Release|Any CPU.ActiveCfg = Release|Any CPU
		{AB34878B-7B41-495E-B0A7-372628F16D5C}.Release|Any CPU.Build.0 = Release|Any CPU
	EndGlobalSection
	GlobalSection(SolutionProperties) = preSolution
		HideSolutionNode = FALSE
	EndGlobalSection
	GlobalSection(ExtensibilityGlobals) = postSolution
		SolutionGuid = {860D4483-879B-4CC4-9017-9C5E15B960E9}
	EndGlobalSection
EndGlobal
